// !$*UTF8*$!
{
	archiveVersion = 1;
	classes = {
	};
	objectVersion = 46;
	objects = {

/* Begin PBXBuildFile section */
		693F47C81E176342005F53AC /* ERSDeckTests.swift in Sources */ = {isa = PBXBuildFile; fileRef = 693F47C71E176342005F53AC /* ERSDeckTests.swift */; };
		693F47CA1E1763AF005F53AC /* ERSViewTests.swift in Sources */ = {isa = PBXBuildFile; fileRef = 693F47C91E1763AF005F53AC /* ERSViewTests.swift */; };
		6980CE371E0F308B00ED653C /* JHEgyption.swift in Sources */ = {isa = PBXBuildFile; fileRef = 6980CE361E0F308B00ED653C /* JHEgyption.swift */; };
		6980CE391E0F466C00ED653C /* JHPlayer.swift in Sources */ = {isa = PBXBuildFile; fileRef = 6980CE381E0F466C00ED653C /* JHPlayer.swift */; };
		6980CE3B1E0F54C700ED653C /* UIPlayingCard.swift in Sources */ = {isa = PBXBuildFile; fileRef = 6980CE3A1E0F54C700ED653C /* UIPlayingCard.swift */; };
		69A75E041E0F2ADC007B54C8 /* AppDelegate.swift in Sources */ = {isa = PBXBuildFile; fileRef = 69A75E031E0F2ADC007B54C8 /* AppDelegate.swift */; };
		69A75E061E0F2ADC007B54C8 /* ViewController.swift in Sources */ = {isa = PBXBuildFile; fileRef = 69A75E051E0F2ADC007B54C8 /* ViewController.swift */; };
		69A75E091E0F2ADC007B54C8 /* Main.storyboard in Resources */ = {isa = PBXBuildFile; fileRef = 69A75E071E0F2ADC007B54C8 /* Main.storyboard */; };
		69A75E0B1E0F2ADC007B54C8 /* Assets.xcassets in Resources */ = {isa = PBXBuildFile; fileRef = 69A75E0A1E0F2ADC007B54C8 /* Assets.xcassets */; };
		69A75E0E1E0F2ADC007B54C8 /* LaunchScreen.storyboard in Resources */ = {isa = PBXBuildFile; fileRef = 69A75E0C1E0F2ADC007B54C8 /* LaunchScreen.storyboard */; };
		69A75E161E0F2B1E007B54C8 /* JHCard.swift in Sources */ = {isa = PBXBuildFile; fileRef = 69A75E151E0F2B1E007B54C8 /* JHCard.swift */; };
		69A75E181E0F2C7E007B54C8 /* JHDeck.swift in Sources */ = {isa = PBXBuildFile; fileRef = 69A75E171E0F2C7E007B54C8 /* JHDeck.swift */; };
		69E76B3D1E1752E40070B3A2 /* ERSGameTests.swift in Sources */ = {isa = PBXBuildFile; fileRef = 69E76B321E17525C0070B3A2 /* ERSGameTests.swift */; };
/* End PBXBuildFile section */

/* Begin PBXContainerItemProxy section */
		69E76B351E17525C0070B3A2 /* PBXContainerItemProxy */ = {
			isa = PBXContainerItemProxy;
			containerPortal = 69A75DF81E0F2ADC007B54C8 /* Project object */;
			proxyType = 1;
			remoteGlobalIDString = 69A75DFF1E0F2ADC007B54C8;
			remoteInfo = ERS;
		};
/* End PBXContainerItemProxy section */

/* Begin PBXFileReference section */
		693F47C71E176342005F53AC /* ERSDeckTests.swift */ = {isa = PBXFileReference; fileEncoding = 4; lastKnownFileType = sourcecode.swift; path = ERSDeckTests.swift; sourceTree = "<group>"; };
		693F47C91E1763AF005F53AC /* ERSViewTests.swift */ = {isa = PBXFileReference; fileEncoding = 4; lastKnownFileType = sourcecode.swift; path = ERSViewTests.swift; sourceTree = "<group>"; };
		6980CE361E0F308B00ED653C /* JHEgyption.swift */ = {isa = PBXFileReference; fileEncoding = 4; lastKnownFileType = sourcecode.swift; path = JHEgyption.swift; sourceTree = "<group>"; };
		6980CE381E0F466C00ED653C /* JHPlayer.swift */ = {isa = PBXFileReference; fileEncoding = 4; lastKnownFileType = sourcecode.swift; path = JHPlayer.swift; sourceTree = "<group>"; };
		6980CE3A1E0F54C700ED653C /* UIPlayingCard.swift */ = {isa = PBXFileReference; fileEncoding = 4; lastKnownFileType = sourcecode.swift; path = UIPlayingCard.swift; sourceTree = "<group>"; };
		69A75E001E0F2ADC007B54C8 /* ERS.app */ = {isa = PBXFileReference; explicitFileType = wrapper.application; includeInIndex = 0; path = ERS.app; sourceTree = BUILT_PRODUCTS_DIR; };
		69A75E031E0F2ADC007B54C8 /* AppDelegate.swift */ = {isa = PBXFileReference; lastKnownFileType = sourcecode.swift; path = AppDelegate.swift; sourceTree = "<group>"; };
		69A75E051E0F2ADC007B54C8 /* ViewController.swift */ = {isa = PBXFileReference; lastKnownFileType = sourcecode.swift; path = ViewController.swift; sourceTree = "<group>"; };
		69A75E081E0F2ADC007B54C8 /* Base */ = {isa = PBXFileReference; lastKnownFileType = file.storyboard; name = Base; path = Base.lproj/Main.storyboard; sourceTree = "<group>"; };
		69A75E0A1E0F2ADC007B54C8 /* Assets.xcassets */ = {isa = PBXFileReference; lastKnownFileType = folder.assetcatalog; path = Assets.xcassets; sourceTree = "<group>"; };
		69A75E0D1E0F2ADC007B54C8 /* Base */ = {isa = PBXFileReference; lastKnownFileType = file.storyboard; name = Base; path = Base.lproj/LaunchScreen.storyboard; sourceTree = "<group>"; };
		69A75E0F1E0F2ADC007B54C8 /* Info.plist */ = {isa = PBXFileReference; lastKnownFileType = text.plist.xml; path = Info.plist; sourceTree = "<group>"; };
		69A75E151E0F2B1E007B54C8 /* JHCard.swift */ = {isa = PBXFileReference; fileEncoding = 4; lastKnownFileType = sourcecode.swift; path = JHCard.swift; sourceTree = "<group>"; };
		69A75E171E0F2C7E007B54C8 /* JHDeck.swift */ = {isa = PBXFileReference; fileEncoding = 4; lastKnownFileType = sourcecode.swift; path = JHDeck.swift; sourceTree = "<group>"; };
		69E76B301E17525C0070B3A2 /* ERSTests.xctest */ = {isa = PBXFileReference; explicitFileType = wrapper.cfbundle; includeInIndex = 0; path = ERSTests.xctest; sourceTree = BUILT_PRODUCTS_DIR; };
		69E76B321E17525C0070B3A2 /* ERSGameTests.swift */ = {isa = PBXFileReference; lastKnownFileType = sourcecode.swift; path = ERSGameTests.swift; sourceTree = "<group>"; };
		69E76B341E17525C0070B3A2 /* Info.plist */ = {isa = PBXFileReference; lastKnownFileType = text.plist.xml; path = Info.plist; sourceTree = "<group>"; };
/* End PBXFileReference section */

/* Begin PBXFrameworksBuildPhase section */
		69A75DFD1E0F2ADC007B54C8 /* Frameworks */ = {
			isa = PBXFrameworksBuildPhase;
			buildActionMask = 2147483647;
			files = (
			);
			runOnlyForDeploymentPostprocessing = 0;
		};
		69E76B2D1E17525C0070B3A2 /* Frameworks */ = {
			isa = PBXFrameworksBuildPhase;
			buildActionMask = 2147483647;
			files = (
			);
			runOnlyForDeploymentPostprocessing = 0;
		};
/* End PBXFrameworksBuildPhase section */

/* Begin PBXGroup section */
		69A75DF71E0F2ADC007B54C8 = {
			isa = PBXGroup;
			children = (
				69A75E021E0F2ADC007B54C8 /* ERS */,
				69E76B311E17525C0070B3A2 /* ERSTests */,
				69A75E011E0F2ADC007B54C8 /* Products */,
			);
			sourceTree = "<group>";
		};
		69A75E011E0F2ADC007B54C8 /* Products */ = {
			isa = PBXGroup;
			children = (
				69A75E001E0F2ADC007B54C8 /* ERS.app */,
				69E76B301E17525C0070B3A2 /* ERSTests.xctest */,
			);
			name = Products;
			sourceTree = "<group>";
		};
		69A75E021E0F2ADC007B54C8 /* ERS */ = {
			isa = PBXGroup;
			children = (
				69A75E031E0F2ADC007B54C8 /* AppDelegate.swift */,
				69A75E051E0F2ADC007B54C8 /* ViewController.swift */,
				6980CE361E0F308B00ED653C /* JHEgyption.swift */,
				6980CE381E0F466C00ED653C /* JHPlayer.swift */,
				69A75E171E0F2C7E007B54C8 /* JHDeck.swift */,
				69A75E151E0F2B1E007B54C8 /* JHCard.swift */,
				6980CE3A1E0F54C700ED653C /* UIPlayingCard.swift */,
				69A75E071E0F2ADC007B54C8 /* Main.storyboard */,
				69A75E0A1E0F2ADC007B54C8 /* Assets.xcassets */,
				69A75E0C1E0F2ADC007B54C8 /* LaunchScreen.storyboard */,
				69A75E0F1E0F2ADC007B54C8 /* Info.plist */,
			);
			path = ERS;
			sourceTree = "<group>";
		};
		69E76B311E17525C0070B3A2 /* ERSTests */ = {
			isa = PBXGroup;
			children = (
				693F47C91E1763AF005F53AC /* ERSViewTests.swift */,
				69E76B321E17525C0070B3A2 /* ERSGameTests.swift */,
				693F47C71E176342005F53AC /* ERSDeckTests.swift */,
				69E76B341E17525C0070B3A2 /* Info.plist */,
			);
			path = ERSTests;
			sourceTree = "<group>";
		};
/* End PBXGroup section */

/* Begin PBXNativeTarget section */
		69A75DFF1E0F2ADC007B54C8 /* ERS */ = {
			isa = PBXNativeTarget;
			buildConfigurationList = 69A75E121E0F2ADC007B54C8 /* Build configuration list for PBXNativeTarget "ERS" */;
			buildPhases = (
				69A75DFC1E0F2ADC007B54C8 /* Sources */,
				69A75DFD1E0F2ADC007B54C8 /* Frameworks */,
				69A75DFE1E0F2ADC007B54C8 /* Resources */,
			);
			buildRules = (
			);
			dependencies = (
			);
			name = ERS;
			productName = ERS;
			productReference = 69A75E001E0F2ADC007B54C8 /* ERS.app */;
			productType = "com.apple.product-type.application";
		};
		69E76B2F1E17525C0070B3A2 /* ERSTests */ = {
			isa = PBXNativeTarget;
			buildConfigurationList = 69E76B391E17525C0070B3A2 /* Build configuration list for PBXNativeTarget "ERSTests" */;
			buildPhases = (
				69E76B2C1E17525C0070B3A2 /* Sources */,
				69E76B2D1E17525C0070B3A2 /* Frameworks */,
				69E76B2E1E17525C0070B3A2 /* Resources */,
			);
			buildRules = (
			);
			dependencies = (
				69E76B361E17525C0070B3A2 /* PBXTargetDependency */,
			);
			name = ERSTests;
			productName = ERSTests;
			productReference = 69E76B301E17525C0070B3A2 /* ERSTests.xctest */;
			productType = "com.apple.product-type.bundle.unit-test";
		};
/* End PBXNativeTarget section */

/* Begin PBXProject section */
		69A75DF81E0F2ADC007B54C8 /* Project object */ = {
			isa = PBXProject;
			attributes = {
				LastSwiftUpdateCheck = 0810;
				LastUpgradeCheck = 0810;
				ORGANIZATIONNAME = "Joe Holt";
				TargetAttributes = {
					69A75DFF1E0F2ADC007B54C8 = {
						CreatedOnToolsVersion = 8.1;
						DevelopmentTeam = G89T23PT2Q;
						ProvisioningStyle = Automatic;
					};
					69E76B2F1E17525C0070B3A2 = {
						CreatedOnToolsVersion = 8.1;
						DevelopmentTeam = G89T23PT2Q;
						ProvisioningStyle = Automatic;
						TestTargetID = 69A75DFF1E0F2ADC007B54C8;
					};
				};
			};
			buildConfigurationList = 69A75DFB1E0F2ADC007B54C8 /* Build configuration list for PBXProject "ERS" */;
			compatibilityVersion = "Xcode 3.2";
			developmentRegion = English;
			hasScannedForEncodings = 0;
			knownRegions = (
				en,
				Base,
			);
			mainGroup = 69A75DF71E0F2ADC007B54C8;
			productRefGroup = 69A75E011E0F2ADC007B54C8 /* Products */;
			projectDirPath = "";
			projectRoot = "";
			targets = (
				69A75DFF1E0F2ADC007B54C8 /* ERS */,
				69E76B2F1E17525C0070B3A2 /* ERSTests */,
			);
		};
/* End PBXProject section */

/* Begin PBXResourcesBuildPhase section */
		69A75DFE1E0F2ADC007B54C8 /* Resources */ = {
			isa = PBXResourcesBuildPhase;
			buildActionMask = 2147483647;
			files = (
				69A75E0E1E0F2ADC007B54C8 /* LaunchScreen.storyboard in Resources */,
				69A75E0B1E0F2ADC007B54C8 /* Assets.xcassets in Resources */,
				69A75E091E0F2ADC007B54C8 /* Main.storyboard in Resources */,
			);
			runOnlyForDeploymentPostprocessing = 0;
		};
		69E76B2E1E17525C0070B3A2 /* Resources */ = {
			isa = PBXResourcesBuildPhase;
			buildActionMask = 2147483647;
			files = (
			);
			runOnlyForDeploymentPostprocessing = 0;
		};
/* End PBXResourcesBuildPhase section */

/* Begin PBXSourcesBuildPhase section */
		69A75DFC1E0F2ADC007B54C8 /* Sources */ = {
			isa = PBXSourcesBuildPhase;
			buildActionMask = 2147483647;
			files = (
				69A75E181E0F2C7E007B54C8 /* JHDeck.swift in Sources */,
				69A75E061E0F2ADC007B54C8 /* ViewController.swift in Sources */,
				6980CE3B1E0F54C700ED653C /* UIPlayingCard.swift in Sources */,
				69A75E161E0F2B1E007B54C8 /* JHCard.swift in Sources */,
				6980CE371E0F308B00ED653C /* JHEgyption.swift in Sources */,
				6980CE391E0F466C00ED653C /* JHPlayer.swift in Sources */,
				69A75E041E0F2ADC007B54C8 /* AppDelegate.swift in Sources */,
			);
			runOnlyForDeploymentPostprocessing = 0;
		};
		69E76B2C1E17525C0070B3A2 /* Sources */ = {
			isa = PBXSourcesBuildPhase;
			buildActionMask = 2147483647;
			files = (
				69E76B3D1E1752E40070B3A2 /* ERSGameTests.swift in Sources */,
				693F47C81E176342005F53AC /* ERSDeckTests.swift in Sources */,
				693F47CA1E1763AF005F53AC /* ERSViewTests.swift in Sources */,
			);
			runOnlyForDeploymentPostprocessing = 0;
		};
/* End PBXSourcesBuildPhase section */

/* Begin PBXTargetDependency section */
		69E76B361E17525C0070B3A2 /* PBXTargetDependency */ = {
			isa = PBXTargetDependency;
			target = 69A75DFF1E0F2ADC007B54C8 /* ERS */;
			targetProxy = 69E76B351E17525C0070B3A2 /* PBXContainerItemProxy */;
		};
/* End PBXTargetDependency section */

/* Begin PBXVariantGroup section */
		69A75E071E0F2ADC007B54C8 /* Main.storyboard */ = {
			isa = PBXVariantGroup;
			children = (
				69A75E081E0F2ADC007B54C8 /* Base */,
			);
			name = Main.storyboard;
			sourceTree = "<group>";
		};
		69A75E0C1E0F2ADC007B54C8 /* LaunchScreen.storyboard */ = {
			isa = PBXVariantGroup;
			children = (
				69A75E0D1E0F2ADC007B54C8 /* Base */,
			);
			name = LaunchScreen.storyboard;
			sourceTree = "<group>";
		};
/* End PBXVariantGroup section */

/* Begin XCBuildConfiguration section */
		69A75E101E0F2ADC007B54C8 /* Debug */ = {
			isa = XCBuildConfiguration;
			buildSettings = {
				ALWAYS_SEARCH_USER_PATHS = NO;
				CLANG_ANALYZER_NONNULL = YES;
				CLANG_CXX_LANGUAGE_STANDARD = "gnu++0x";
				CLANG_CXX_LIBRARY = "libc++";
				CLANG_ENABLE_MODULES = YES;
				CLANG_ENABLE_OBJC_ARC = YES;
				CLANG_WARN_BOOL_CONVERSION = YES;
				CLANG_WARN_CONSTANT_CONVERSION = YES;
				CLANG_WARN_DIRECT_OBJC_ISA_USAGE = YES_ERROR;
				CLANG_WARN_DOCUMENTATION_COMMENTS = YES;
				CLANG_WARN_EMPTY_BODY = YES;
				CLANG_WARN_ENUM_CONVERSION = YES;
				CLANG_WARN_INFINITE_RECURSION = YES;
				CLANG_WARN_INT_CONVERSION = YES;
				CLANG_WARN_OBJC_ROOT_CLASS = YES_ERROR;
				CLANG_WARN_SUSPICIOUS_MOVES = YES;
				CLANG_WARN_UNREACHABLE_CODE = YES;
				CLANG_WARN__DUPLICATE_METHOD_MATCH = YES;
				"CODE_SIGN_IDENTITY[sdk=iphoneos*]" = "iPhone Developer";
				COPY_PHASE_STRIP = NO;
				DEBUG_INFORMATION_FORMAT = dwarf;
				ENABLE_STRICT_OBJC_MSGSEND = YES;
				ENABLE_TESTABILITY = YES;
				GCC_C_LANGUAGE_STANDARD = gnu99;
				GCC_DYNAMIC_NO_PIC = NO;
				GCC_NO_COMMON_BLOCKS = YES;
				GCC_OPTIMIZATION_LEVEL = 0;
				GCC_PREPROCESSOR_DEFINITIONS = (
					"DEBUG=1",
					"$(inherited)",
				);
				GCC_WARN_64_TO_32_BIT_CONVERSION = YES;
				GCC_WARN_ABOUT_RETURN_TYPE = YES_ERROR;
				GCC_WARN_UNDECLARED_SELECTOR = YES;
				GCC_WARN_UNINITIALIZED_AUTOS = YES_AGGRESSIVE;
				GCC_WARN_UNUSED_FUNCTION = YES;
				GCC_WARN_UNUSED_VARIABLE = YES;
				IPHONEOS_DEPLOYMENT_TARGET = 10.1;
				MTL_ENABLE_DEBUG_INFO = YES;
				ONLY_ACTIVE_ARCH = YES;
				SDKROOT = iphoneos;
				SWIFT_ACTIVE_COMPILATION_CONDITIONS = DEBUG;
				SWIFT_OPTIMIZATION_LEVEL = "-Onone";
			};
			name = Debug;
		};
		69A75E111E0F2ADC007B54C8 /* Release */ = {
			isa = XCBuildConfiguration;
			buildSettings = {
				ALWAYS_SEARCH_USER_PATHS = NO;
				CLANG_ANALYZER_NONNULL = YES;
				CLANG_CXX_LANGUAGE_STANDARD = "gnu++0x";
				CLANG_CXX_LIBRARY = "libc++";
				CLANG_ENABLE_MODULES = YES;
				CLANG_ENABLE_OBJC_ARC = YES;
				CLANG_WARN_BOOL_CONVERSION = YES;
				CLANG_WARN_CONSTANT_CONVERSION = YES;
				CLANG_WARN_DIRECT_OBJC_ISA_USAGE = YES_ERROR;
				CLANG_WARN_DOCUMENTATION_COMMENTS = YES;
				CLANG_WARN_EMPTY_BODY = YES;
				CLANG_WARN_ENUM_CONVERSION = YES;
				CLANG_WARN_INFINITE_RECURSION = YES;
				CLANG_WARN_INT_CONVERSION = YES;
				CLANG_WARN_OBJC_ROOT_CLASS = YES_ERROR;
				CLANG_WARN_SUSPICIOUS_MOVES = YES;
				CLANG_WARN_UNREACHABLE_CODE = YES;
				CLANG_WARN__DUPLICATE_METHOD_MATCH = YES;
				"CODE_SIGN_IDENTITY[sdk=iphoneos*]" = "iPhone Developer";
				COPY_PHASE_STRIP = NO;
				DEBUG_INFORMATION_FORMAT = "dwarf-with-dsym";
				ENABLE_NS_ASSERTIONS = NO;
				ENABLE_STRICT_OBJC_MSGSEND = YES;
				GCC_C_LANGUAGE_STANDARD = gnu99;
				GCC_NO_COMMON_BLOCKS = YES;
				GCC_WARN_64_TO_32_BIT_CONVERSION = YES;
				GCC_WARN_ABOUT_RETURN_TYPE = YES_ERROR;
				GCC_WARN_UNDECLARED_SELECTOR = YES;
				GCC_WARN_UNINITIALIZED_AUTOS = YES_AGGRESSIVE;
				GCC_WARN_UNUSED_FUNCTION = YES;
				GCC_WARN_UNUSED_VARIABLE = YES;
				IPHONEOS_DEPLOYMENT_TARGET = 10.1;
				MTL_ENABLE_DEBUG_INFO = NO;
				SDKROOT = iphoneos;
				SWIFT_OPTIMIZATION_LEVEL = "-Owholemodule";
				VALIDATE_PRODUCT = YES;
			};
			name = Release;
		};
		69A75E131E0F2ADC007B54C8 /* Debug */ = {
			isa = XCBuildConfiguration;
			buildSettings = {
				ASSETCATALOG_COMPILER_APPICON_NAME = AppIcon;
				DEVELOPMENT_TEAM = G89T23PT2Q;
				INFOPLIST_FILE = ERS/Info.plist;
				LD_RUNPATH_SEARCH_PATHS = "$(inherited) @executable_path/Frameworks";
				PRODUCT_BUNDLE_IDENTIFIER = com.JoeHolt.ERS;
				PRODUCT_NAME = "$(TARGET_NAME)";
				SWIFT_VERSION = 3.0;
			};
			name = Debug;
		};
		69A75E141E0F2ADC007B54C8 /* Release */ = {
			isa = XCBuildConfiguration;
			buildSettings = {
				ASSETCATALOG_COMPILER_APPICON_NAME = AppIcon;
				DEVELOPMENT_TEAM = G89T23PT2Q;
				INFOPLIST_FILE = ERS/Info.plist;
				LD_RUNPATH_SEARCH_PATHS = "$(inherited) @executable_path/Frameworks";
				PRODUCT_BUNDLE_IDENTIFIER = com.JoeHolt.ERS;
				PRODUCT_NAME = "$(TARGET_NAME)";
				SWIFT_VERSION = 3.0;
			};
			name = Release;
		};
		69E76B371E17525C0070B3A2 /* Debug */ = {
			isa = XCBuildConfiguration;
			buildSettings = {
				BUNDLE_LOADER = "$(TEST_HOST)";
				DEVELOPMENT_TEAM = G89T23PT2Q;
				INFOPLIST_FILE = ERSTests/Info.plist;
				LD_RUNPATH_SEARCH_PATHS = "$(inherited) @executable_path/Frameworks @loader_path/Frameworks";
				PRODUCT_BUNDLE_IDENTIFIER = com.JoeHolt.ERSTests;
				PRODUCT_NAME = "$(TARGET_NAME)";
				SWIFT_VERSION = 3.0;
				TEST_HOST = "$(BUILT_PRODUCTS_DIR)/ERS.app/ERS";
			};
			name = Debug;
		};
		69E76B381E17525C0070B3A2 /* Release */ = {
			isa = XCBuildConfiguration;
			buildSettings = {
				BUNDLE_LOADER = "$(TEST_HOST)";
				DEVELOPMENT_TEAM = G89T23PT2Q;
				INFOPLIST_FILE = ERSTests/Info.plist;
				LD_RUNPATH_SEARCH_PATHS = "$(inherited) @executable_path/Frameworks @loader_path/Frameworks";
				PRODUCT_BUNDLE_IDENTIFIER = com.JoeHolt.ERSTests;
				PRODUCT_NAME = "$(TARGET_NAME)";
				SWIFT_VERSION = 3.0;
				TEST_HOST = "$(BUILT_PRODUCTS_DIR)/ERS.app/ERS";
			};
			name = Release;
		};
/* End XCBuildConfiguration section */

/* Begin XCConfigurationList section */
		69A75DFB1E0F2ADC007B54C8 /* Build configuration list for PBXProject "ERS" */ = {
			isa = XCConfigurationList;
			buildConfigurations = (
				69A75E101E0F2ADC007B54C8 /* Debug */,
				69A75E111E0F2ADC007B54C8 /* Release */,
			);
			defaultConfigurationIsVisible = 0;
			defaultConfigurationName = Release;
		};
		69A75E121E0F2ADC007B54C8 /* Build configuration list for PBXNativeTarget "ERS" */ = {
			isa = XCConfigurationList;
			buildConfigurations = (
				69A75E131E0F2ADC007B54C8 /* Debug */,
				69A75E141E0F2ADC007B54C8 /* Release */,
			);
			defaultConfigurationIsVisible = 0;
			defaultConfigurationName = Release;
		};
		69E76B391E17525C0070B3A2 /* Build configuration list for PBXNativeTarget "ERSTests" */ = {
			isa = XCConfigurationList;
			buildConfigurations = (
				69E76B371E17525C0070B3A2 /* Debug */,
				69E76B381E17525C0070B3A2 /* Release */,
			);
			defaultConfigurationIsVisible = 0;
			defaultConfigurationName = Release;
		};
/* End XCConfigurationList section */
	};
	rootObject = 69A75DF81E0F2ADC007B54C8 /* Project object */;
}
